// !$*UTF8*$!
{
	archiveVersion = 1;
	classes = {
	};
	objectVersion = 56;
	objects = {

/* Begin PBXBuildFile section */
		633001F42A8EA36000A23560 /* RickAndMortyApp.swift in Sources */ = {isa = PBXBuildFile; fileRef = 633001F32A8EA36000A23560 /* RickAndMortyApp.swift */; };
		633001F62A8EA36000A23560 /* RootView.swift in Sources */ = {isa = PBXBuildFile; fileRef = 633001F52A8EA36000A23560 /* RootView.swift */; };
		633001F82A8EA36600A23560 /* Assets.xcassets in Resources */ = {isa = PBXBuildFile; fileRef = 633001F72A8EA36600A23560 /* Assets.xcassets */; };
		633001FB2A8EA36600A23560 /* Preview Assets.xcassets in Resources */ = {isa = PBXBuildFile; fileRef = 633001FA2A8EA36600A23560 /* Preview Assets.xcassets */; };
		633002032A8EA3E500A23560 /* DataModel.swift in Sources */ = {isa = PBXBuildFile; fileRef = 633002022A8EA3E500A23560 /* DataModel.swift */; };
		633002052A8EA57900A23560 /* AllCharactersView.swift in Sources */ = {isa = PBXBuildFile; fileRef = 633002042A8EA57900A23560 /* AllCharactersView.swift */; };
		6365AACF2A8F2BBB00E6C617 /* AllCharactersViewModel.swift in Sources */ = {isa = PBXBuildFile; fileRef = 6365AACE2A8F2BBB00E6C617 /* AllCharactersViewModel.swift */; };
		6365AAD12A8F2D4A00E6C617 /* Errors.swift in Sources */ = {isa = PBXBuildFile; fileRef = 6365AAD02A8F2D4A00E6C617 /* Errors.swift */; };
		6365AAD32A8F38EA00E6C617 /* CharacterCardView.swift in Sources */ = {isa = PBXBuildFile; fileRef = 6365AAD22A8F38EA00E6C617 /* CharacterCardView.swift */; };
		6365AAD52A8F392900E6C617 /* ColorConstants.swift in Sources */ = {isa = PBXBuildFile; fileRef = 6365AAD42A8F392900E6C617 /* ColorConstants.swift */; };
		63FF3F1B2A8F47A600755864 /* Gilroy-Bold.ttf in Resources */ = {isa = PBXBuildFile; fileRef = 6365AAE12A8F456200E6C617 /* Gilroy-Bold.ttf */; };
		63FF3F1C2A8F47A600755864 /* Gilroy-Light.ttf in Resources */ = {isa = PBXBuildFile; fileRef = 6365AAE32A8F456200E6C617 /* Gilroy-Light.ttf */; };
		63FF3F1D2A8F47A600755864 /* Gilroy-Medium.ttf in Resources */ = {isa = PBXBuildFile; fileRef = 6365AAE02A8F456200E6C617 /* Gilroy-Medium.ttf */; };
		63FF3F1E2A8F47A600755864 /* Gilroy-SemiBold.ttf in Resources */ = {isa = PBXBuildFile; fileRef = 6365AAE42A8F456200E6C617 /* Gilroy-SemiBold.ttf */; };
		63FF3F1F2A8F47A600755864 /* Gilroy-Regular.ttf in Resources */ = {isa = PBXBuildFile; fileRef = 6365AAE22A8F456200E6C617 /* Gilroy-Regular.ttf */; };
		63FF3F212A8F494800755864 /* PageButton.swift in Sources */ = {isa = PBXBuildFile; fileRef = 63FF3F202A8F494800755864 /* PageButton.swift */; };
		63FF3F232A8F4FEB00755864 /* SplashScreenView.swift in Sources */ = {isa = PBXBuildFile; fileRef = 63FF3F222A8F4FEB00755864 /* SplashScreenView.swift */; };
		63FF3F262A8F622600755864 /* CharacterInfoView.swift in Sources */ = {isa = PBXBuildFile; fileRef = 63FF3F252A8F622600755864 /* CharacterInfoView.swift */; };
		63FF3F282A8FC67F00755864 /* CachedAsyncImage.swift in Sources */ = {isa = PBXBuildFile; fileRef = 63FF3F272A8FC67E00755864 /* CachedAsyncImage.swift */; };
		63FF3F2A2A8FC7FE00755864 /* FontHelper.swift in Sources */ = {isa = PBXBuildFile; fileRef = 63FF3F292A8FC7FE00755864 /* FontHelper.swift */; };
		63FF3F2C2A8FDE2A00755864 /* ApiCall.swift in Sources */ = {isa = PBXBuildFile; fileRef = 63FF3F2B2A8FDE2A00755864 /* ApiCall.swift */; };
		63FF3F2E2A8FDFDF00755864 /* RoundedSection.swift in Sources */ = {isa = PBXBuildFile; fileRef = 63FF3F2D2A8FDFDF00755864 /* RoundedSection.swift */; };
		63FF3F312A900B3800755864 /* CharacterInfoViewModel.swift in Sources */ = {isa = PBXBuildFile; fileRef = 63FF3F302A900B3800755864 /* CharacterInfoViewModel.swift */; };
/* End PBXBuildFile section */

/* Begin PBXFileReference section */
		633001F02A8EA36000A23560 /* RickAndMorty.app */ = {isa = PBXFileReference; explicitFileType = wrapper.application; includeInIndex = 0; path = RickAndMorty.app; sourceTree = BUILT_PRODUCTS_DIR; };
		633001F32A8EA36000A23560 /* RickAndMortyApp.swift */ = {isa = PBXFileReference; lastKnownFileType = sourcecode.swift; path = RickAndMortyApp.swift; sourceTree = "<group>"; };
		633001F52A8EA36000A23560 /* RootView.swift */ = {isa = PBXFileReference; lastKnownFileType = sourcecode.swift; path = RootView.swift; sourceTree = "<group>"; };
		633001F72A8EA36600A23560 /* Assets.xcassets */ = {isa = PBXFileReference; lastKnownFileType = folder.assetcatalog; path = Assets.xcassets; sourceTree = "<group>"; };
		633001FA2A8EA36600A23560 /* Preview Assets.xcassets */ = {isa = PBXFileReference; lastKnownFileType = folder.assetcatalog; path = "Preview Assets.xcassets"; sourceTree = "<group>"; };
		633002022A8EA3E500A23560 /* DataModel.swift */ = {isa = PBXFileReference; lastKnownFileType = sourcecode.swift; path = DataModel.swift; sourceTree = "<group>"; };
		633002042A8EA57900A23560 /* AllCharactersView.swift */ = {isa = PBXFileReference; lastKnownFileType = sourcecode.swift; path = AllCharactersView.swift; sourceTree = "<group>"; };
		6365AACE2A8F2BBB00E6C617 /* AllCharactersViewModel.swift */ = {isa = PBXFileReference; lastKnownFileType = sourcecode.swift; path = AllCharactersViewModel.swift; sourceTree = "<group>"; };
		6365AAD02A8F2D4A00E6C617 /* Errors.swift */ = {isa = PBXFileReference; lastKnownFileType = sourcecode.swift; path = Errors.swift; sourceTree = "<group>"; };
		6365AAD22A8F38EA00E6C617 /* CharacterCardView.swift */ = {isa = PBXFileReference; lastKnownFileType = sourcecode.swift; path = CharacterCardView.swift; sourceTree = "<group>"; };
		6365AAD42A8F392900E6C617 /* ColorConstants.swift */ = {isa = PBXFileReference; lastKnownFileType = sourcecode.swift; path = ColorConstants.swift; sourceTree = "<group>"; };
		6365AADB2A8F429200E6C617 /* Info.plist */ = {isa = PBXFileReference; lastKnownFileType = text.plist; path = Info.plist; sourceTree = "<group>"; };
		6365AAE02A8F456200E6C617 /* Gilroy-Medium.ttf */ = {isa = PBXFileReference; lastKnownFileType = file; path = "Gilroy-Medium.ttf"; sourceTree = "<group>"; };
		6365AAE12A8F456200E6C617 /* Gilroy-Bold.ttf */ = {isa = PBXFileReference; lastKnownFileType = file; path = "Gilroy-Bold.ttf"; sourceTree = "<group>"; };
		6365AAE22A8F456200E6C617 /* Gilroy-Regular.ttf */ = {isa = PBXFileReference; lastKnownFileType = file; path = "Gilroy-Regular.ttf"; sourceTree = "<group>"; };
		6365AAE32A8F456200E6C617 /* Gilroy-Light.ttf */ = {isa = PBXFileReference; lastKnownFileType = file; path = "Gilroy-Light.ttf"; sourceTree = "<group>"; };
		6365AAE42A8F456200E6C617 /* Gilroy-SemiBold.ttf */ = {isa = PBXFileReference; lastKnownFileType = file; path = "Gilroy-SemiBold.ttf"; sourceTree = "<group>"; };
		63FF3F202A8F494800755864 /* PageButton.swift */ = {isa = PBXFileReference; lastKnownFileType = sourcecode.swift; path = PageButton.swift; sourceTree = "<group>"; };
		63FF3F222A8F4FEB00755864 /* SplashScreenView.swift */ = {isa = PBXFileReference; lastKnownFileType = sourcecode.swift; path = SplashScreenView.swift; sourceTree = "<group>"; };
		63FF3F252A8F622600755864 /* CharacterInfoView.swift */ = {isa = PBXFileReference; lastKnownFileType = sourcecode.swift; path = CharacterInfoView.swift; sourceTree = "<group>"; };
		63FF3F272A8FC67E00755864 /* CachedAsyncImage.swift */ = {isa = PBXFileReference; lastKnownFileType = sourcecode.swift; path = CachedAsyncImage.swift; sourceTree = "<group>"; };
		63FF3F292A8FC7FE00755864 /* FontHelper.swift */ = {isa = PBXFileReference; lastKnownFileType = sourcecode.swift; path = FontHelper.swift; sourceTree = "<group>"; };
		63FF3F2B2A8FDE2A00755864 /* ApiCall.swift */ = {isa = PBXFileReference; lastKnownFileType = sourcecode.swift; path = ApiCall.swift; sourceTree = "<group>"; };
		63FF3F2D2A8FDFDF00755864 /* RoundedSection.swift */ = {isa = PBXFileReference; lastKnownFileType = sourcecode.swift; path = RoundedSection.swift; sourceTree = "<group>"; };
		63FF3F302A900B3800755864 /* CharacterInfoViewModel.swift */ = {isa = PBXFileReference; lastKnownFileType = sourcecode.swift; path = CharacterInfoViewModel.swift; sourceTree = "<group>"; };
/* End PBXFileReference section */

/* Begin PBXFrameworksBuildPhase section */
		633001ED2A8EA36000A23560 /* Frameworks */ = {
			isa = PBXFrameworksBuildPhase;
			buildActionMask = 2147483647;
			files = (
			);
			runOnlyForDeploymentPostprocessing = 0;
		};
/* End PBXFrameworksBuildPhase section */

/* Begin PBXGroup section */
		633001E72A8EA36000A23560 = {
			isa = PBXGroup;
			children = (
				633001F22A8EA36000A23560 /* RickAndMorty */,
				633001F12A8EA36000A23560 /* Products */,
			);
			sourceTree = "<group>";
		};
		633001F12A8EA36000A23560 /* Products */ = {
			isa = PBXGroup;
			children = (
				633001F02A8EA36000A23560 /* RickAndMorty.app */,
			);
			name = Products;
			sourceTree = "<group>";
		};
		633001F22A8EA36000A23560 /* RickAndMorty */ = {
			isa = PBXGroup;
			children = (
				633002012A8EA3D100A23560 /* Model */,
				63FF3F242A8F555D00755864 /* Views */,
				63FF3F352A900ECB00755864 /* View Models */,
				63FF3F322A900CA200755864 /* Components */,
				63FF3F342A900E9200755864 /* Extensions */,
				63FF3F332A900DDF00755864 /* Enumerations */,
				63FF3F2F2A9008E200755864 /* Lifecycle */,
				6365AAD62A8F420000E6C617 /* Fonts */,
				633001F92A8EA36600A23560 /* Preview Content */,
				633001F72A8EA36600A23560 /* Assets.xcassets */,
				6365AADB2A8F429200E6C617 /* Info.plist */,
			);
			path = RickAndMorty;
			sourceTree = "<group>";
		};
		633001F92A8EA36600A23560 /* Preview Content */ = {
			isa = PBXGroup;
			children = (
				633001FA2A8EA36600A23560 /* Preview Assets.xcassets */,
			);
			path = "Preview Content";
			sourceTree = "<group>";
		};
		633002012A8EA3D100A23560 /* Model */ = {
			isa = PBXGroup;
			children = (
				633002022A8EA3E500A23560 /* DataModel.swift */,
				63FF3F272A8FC67E00755864 /* CachedAsyncImage.swift */,
			);
			path = Model;
			sourceTree = "<group>";
		};
		6365AAD62A8F420000E6C617 /* Fonts */ = {
			isa = PBXGroup;
			children = (
				6365AAE12A8F456200E6C617 /* Gilroy-Bold.ttf */,
				6365AAE32A8F456200E6C617 /* Gilroy-Light.ttf */,
				6365AAE02A8F456200E6C617 /* Gilroy-Medium.ttf */,
				6365AAE22A8F456200E6C617 /* Gilroy-Regular.ttf */,
				6365AAE42A8F456200E6C617 /* Gilroy-SemiBold.ttf */,
			);
			path = Fonts;
			sourceTree = "<group>";
		};
		63FF3F242A8F555D00755864 /* Views */ = {
			isa = PBXGroup;
			children = (
				633001F52A8EA36000A23560 /* RootView.swift */,
				633002042A8EA57900A23560 /* AllCharactersView.swift */,
				63FF3F252A8F622600755864 /* CharacterInfoView.swift */,
				63FF3F222A8F4FEB00755864 /* SplashScreenView.swift */,
			);
			path = Views;
			sourceTree = "<group>";
		};
		63FF3F2F2A9008E200755864 /* Lifecycle */ = {
			isa = PBXGroup;
			children = (
				63FF3F2B2A8FDE2A00755864 /* ApiCall.swift */,
				633001F32A8EA36000A23560 /* RickAndMortyApp.swift */,
			);
			path = Lifecycle;
			sourceTree = "<group>";
		};
		63FF3F322A900CA200755864 /* Components */ = {
			isa = PBXGroup;
			children = (
				63FF3F2D2A8FDFDF00755864 /* RoundedSection.swift */,
				63FF3F202A8F494800755864 /* PageButton.swift */,
				6365AAD22A8F38EA00E6C617 /* CharacterCardView.swift */,
			);
			path = Components;
			sourceTree = "<group>";
		};
		63FF3F332A900DDF00755864 /* Enumerations */ = {
			isa = PBXGroup;
			children = (
				6365AAD02A8F2D4A00E6C617 /* Errors.swift */,
			);
			path = Enumerations;
			sourceTree = "<group>";
		};
		63FF3F342A900E9200755864 /* Extensions */ = {
			isa = PBXGroup;
			children = (
				63FF3F292A8FC7FE00755864 /* FontHelper.swift */,
				6365AAD42A8F392900E6C617 /* ColorConstants.swift */,
			);
			path = Extensions;
			sourceTree = "<group>";
		};
		63FF3F352A900ECB00755864 /* View Models */ = {
			isa = PBXGroup;
			children = (
				6365AACE2A8F2BBB00E6C617 /* AllCharactersViewModel.swift */,
				63FF3F302A900B3800755864 /* CharacterInfoViewModel.swift */,
			);
			path = "View Models";
			sourceTree = "<group>";
		};
/* End PBXGroup section */

/* Begin PBXNativeTarget section */
		633001EF2A8EA36000A23560 /* RickAndMorty */ = {
			isa = PBXNativeTarget;
			buildConfigurationList = 633001FE2A8EA36600A23560 /* Build configuration list for PBXNativeTarget "RickAndMorty" */;
			buildPhases = (
				633001EC2A8EA36000A23560 /* Sources */,
				633001ED2A8EA36000A23560 /* Frameworks */,
				633001EE2A8EA36000A23560 /* Resources */,
			);
			buildRules = (
			);
			dependencies = (
			);
			name = RickAndMorty;
			productName = RickAndMorty;
			productReference = 633001F02A8EA36000A23560 /* RickAndMorty.app */;
			productType = "com.apple.product-type.application";
		};
/* End PBXNativeTarget section */

/* Begin PBXProject section */
		633001E82A8EA36000A23560 /* Project object */ = {
			isa = PBXProject;
			attributes = {
				BuildIndependentTargetsInParallel = 1;
				LastSwiftUpdateCheck = 1500;
				LastUpgradeCheck = 1500;
				TargetAttributes = {
					633001EF2A8EA36000A23560 = {
						CreatedOnToolsVersion = 15.0;
					};
				};
			};
			buildConfigurationList = 633001EB2A8EA36000A23560 /* Build configuration list for PBXProject "RickAndMorty" */;
			compatibilityVersion = "Xcode 14.0";
			developmentRegion = en;
			hasScannedForEncodings = 0;
			knownRegions = (
				en,
				Base,
			);
			mainGroup = 633001E72A8EA36000A23560;
			productRefGroup = 633001F12A8EA36000A23560 /* Products */;
			projectDirPath = "";
			projectRoot = "";
			targets = (
				633001EF2A8EA36000A23560 /* RickAndMorty */,
			);
		};
/* End PBXProject section */

/* Begin PBXResourcesBuildPhase section */
		633001EE2A8EA36000A23560 /* Resources */ = {
			isa = PBXResourcesBuildPhase;
			buildActionMask = 2147483647;
			files = (
				63FF3F1B2A8F47A600755864 /* Gilroy-Bold.ttf in Resources */,
				63FF3F1E2A8F47A600755864 /* Gilroy-SemiBold.ttf in Resources */,
				633001FB2A8EA36600A23560 /* Preview Assets.xcassets in Resources */,
				63FF3F1D2A8F47A600755864 /* Gilroy-Medium.ttf in Resources */,
				633001F82A8EA36600A23560 /* Assets.xcassets in Resources */,
				63FF3F1F2A8F47A600755864 /* Gilroy-Regular.ttf in Resources */,
				63FF3F1C2A8F47A600755864 /* Gilroy-Light.ttf in Resources */,
			);
			runOnlyForDeploymentPostprocessing = 0;
		};
/* End PBXResourcesBuildPhase section */

/* Begin PBXSourcesBuildPhase section */
		633001EC2A8EA36000A23560 /* Sources */ = {
			isa = PBXSourcesBuildPhase;
			buildActionMask = 2147483647;
			files = (
				6365AACF2A8F2BBB00E6C617 /* AllCharactersViewModel.swift in Sources */,
				633001F62A8EA36000A23560 /* RootView.swift in Sources */,
				63FF3F262A8F622600755864 /* CharacterInfoView.swift in Sources */,
				63FF3F212A8F494800755864 /* PageButton.swift in Sources */,
				633001F42A8EA36000A23560 /* RickAndMortyApp.swift in Sources */,
				633002052A8EA57900A23560 /* AllCharactersView.swift in Sources */,
				6365AAD12A8F2D4A00E6C617 /* Errors.swift in Sources */,
				6365AAD32A8F38EA00E6C617 /* CharacterCardView.swift in Sources */,
				63FF3F232A8F4FEB00755864 /* SplashScreenView.swift in Sources */,
				633002032A8EA3E500A23560 /* DataModel.swift in Sources */,
				63FF3F2C2A8FDE2A00755864 /* ApiCall.swift in Sources */,
				63FF3F2E2A8FDFDF00755864 /* RoundedSection.swift in Sources */,
				63FF3F312A900B3800755864 /* CharacterInfoViewModel.swift in Sources */,
				63FF3F2A2A8FC7FE00755864 /* FontHelper.swift in Sources */,
				63FF3F282A8FC67F00755864 /* CachedAsyncImage.swift in Sources */,
				6365AAD52A8F392900E6C617 /* ColorConstants.swift in Sources */,
			);
			runOnlyForDeploymentPostprocessing = 0;
		};
/* End PBXSourcesBuildPhase section */

/* Begin XCBuildConfiguration section */
		633001FC2A8EA36600A23560 /* Debug */ = {
			isa = XCBuildConfiguration;
			buildSettings = {
				ALWAYS_SEARCH_USER_PATHS = NO;
				ASSETCATALOG_COMPILER_GENERATE_SWIFT_ASSET_SYMBOL_EXTENSIONS = YES;
				CLANG_ANALYZER_NONNULL = YES;
				CLANG_ANALYZER_NUMBER_OBJECT_CONVERSION = YES_AGGRESSIVE;
				CLANG_CXX_LANGUAGE_STANDARD = "gnu++20";
				CLANG_ENABLE_MODULES = YES;
				CLANG_ENABLE_OBJC_ARC = YES;
				CLANG_ENABLE_OBJC_WEAK = YES;
				CLANG_WARN_BLOCK_CAPTURE_AUTORELEASING = YES;
				CLANG_WARN_BOOL_CONVERSION = YES;
				CLANG_WARN_COMMA = YES;
				CLANG_WARN_CONSTANT_CONVERSION = YES;
				CLANG_WARN_DEPRECATED_OBJC_IMPLEMENTATIONS = YES;
				CLANG_WARN_DIRECT_OBJC_ISA_USAGE = YES_ERROR;
				CLANG_WARN_DOCUMENTATION_COMMENTS = YES;
				CLANG_WARN_EMPTY_BODY = YES;
				CLANG_WARN_ENUM_CONVERSION = YES;
				CLANG_WARN_INFINITE_RECURSION = YES;
				CLANG_WARN_INT_CONVERSION = YES;
				CLANG_WARN_NON_LITERAL_NULL_CONVERSION = YES;
				CLANG_WARN_OBJC_IMPLICIT_RETAIN_SELF = YES;
				CLANG_WARN_OBJC_LITERAL_CONVERSION = YES;
				CLANG_WARN_OBJC_ROOT_CLASS = YES_ERROR;
				CLANG_WARN_QUOTED_INCLUDE_IN_FRAMEWORK_HEADER = YES;
				CLANG_WARN_RANGE_LOOP_ANALYSIS = YES;
				CLANG_WARN_STRICT_PROTOTYPES = YES;
				CLANG_WARN_SUSPICIOUS_MOVE = YES;
				CLANG_WARN_UNGUARDED_AVAILABILITY = YES_AGGRESSIVE;
				CLANG_WARN_UNREACHABLE_CODE = YES;
				CLANG_WARN__DUPLICATE_METHOD_MATCH = YES;
				COPY_PHASE_STRIP = NO;
				DEBUG_INFORMATION_FORMAT = dwarf;
				ENABLE_STRICT_OBJC_MSGSEND = YES;
				ENABLE_TESTABILITY = YES;
				ENABLE_USER_SCRIPT_SANDBOXING = YES;
				GCC_C_LANGUAGE_STANDARD = gnu17;
				GCC_DYNAMIC_NO_PIC = NO;
				GCC_NO_COMMON_BLOCKS = YES;
				GCC_OPTIMIZATION_LEVEL = 0;
				GCC_PREPROCESSOR_DEFINITIONS = (
					"DEBUG=1",
					"$(inherited)",
				);
				GCC_WARN_64_TO_32_BIT_CONVERSION = YES;
				GCC_WARN_ABOUT_RETURN_TYPE = YES_ERROR;
				GCC_WARN_UNDECLARED_SELECTOR = YES;
				GCC_WARN_UNINITIALIZED_AUTOS = YES_AGGRESSIVE;
				GCC_WARN_UNUSED_FUNCTION = YES;
				GCC_WARN_UNUSED_VARIABLE = YES;
				IPHONEOS_DEPLOYMENT_TARGET = 17.0;
				LOCALIZATION_PREFERS_STRING_CATALOGS = YES;
				MTL_ENABLE_DEBUG_INFO = INCLUDE_SOURCE;
				MTL_FAST_MATH = YES;
				ONLY_ACTIVE_ARCH = YES;
				SDKROOT = iphoneos;
				SWIFT_ACTIVE_COMPILATION_CONDITIONS = "DEBUG $(inherited)";
				SWIFT_OPTIMIZATION_LEVEL = "-Onone";
			};
			name = Debug;
		};
		633001FD2A8EA36600A23560 /* Release */ = {
			isa = XCBuildConfiguration;
			buildSettings = {
				ALWAYS_SEARCH_USER_PATHS = NO;
				ASSETCATALOG_COMPILER_GENERATE_SWIFT_ASSET_SYMBOL_EXTENSIONS = YES;
				CLANG_ANALYZER_NONNULL = YES;
				CLANG_ANALYZER_NUMBER_OBJECT_CONVERSION = YES_AGGRESSIVE;
				CLANG_CXX_LANGUAGE_STANDARD = "gnu++20";
				CLANG_ENABLE_MODULES = YES;
				CLANG_ENABLE_OBJC_ARC = YES;
				CLANG_ENABLE_OBJC_WEAK = YES;
				CLANG_WARN_BLOCK_CAPTURE_AUTORELEASING = YES;
				CLANG_WARN_BOOL_CONVERSION = YES;
				CLANG_WARN_COMMA = YES;
				CLANG_WARN_CONSTANT_CONVERSION = YES;
				CLANG_WARN_DEPRECATED_OBJC_IMPLEMENTATIONS = YES;
				CLANG_WARN_DIRECT_OBJC_ISA_USAGE = YES_ERROR;
				CLANG_WARN_DOCUMENTATION_COMMENTS = YES;
				CLANG_WARN_EMPTY_BODY = YES;
				CLANG_WARN_ENUM_CONVERSION = YES;
				CLANG_WARN_INFINITE_RECURSION = YES;
				CLANG_WARN_INT_CONVERSION = YES;
				CLANG_WARN_NON_LITERAL_NULL_CONVERSION = YES;
				CLANG_WARN_OBJC_IMPLICIT_RETAIN_SELF = YES;
				CLANG_WARN_OBJC_LITERAL_CONVERSION = YES;
				CLANG_WARN_OBJC_ROOT_CLASS = YES_ERROR;
				CLANG_WARN_QUOTED_INCLUDE_IN_FRAMEWORK_HEADER = YES;
				CLANG_WARN_RANGE_LOOP_ANALYSIS = YES;
				CLANG_WARN_STRICT_PROTOTYPES = YES;
				CLANG_WARN_SUSPICIOUS_MOVE = YES;
				CLANG_WARN_UNGUARDED_AVAILABILITY = YES_AGGRESSIVE;
				CLANG_WARN_UNREACHABLE_CODE = YES;
				CLANG_WARN__DUPLICATE_METHOD_MATCH = YES;
				COPY_PHASE_STRIP = NO;
				DEBUG_INFORMATION_FORMAT = "dwarf-with-dsym";
				ENABLE_NS_ASSERTIONS = NO;
				ENABLE_STRICT_OBJC_MSGSEND = YES;
				ENABLE_USER_SCRIPT_SANDBOXING = YES;
				GCC_C_LANGUAGE_STANDARD = gnu17;
				GCC_NO_COMMON_BLOCKS = YES;
				GCC_WARN_64_TO_32_BIT_CONVERSION = YES;
				GCC_WARN_ABOUT_RETURN_TYPE = YES_ERROR;
				GCC_WARN_UNDECLARED_SELECTOR = YES;
				GCC_WARN_UNINITIALIZED_AUTOS = YES_AGGRESSIVE;
				GCC_WARN_UNUSED_FUNCTION = YES;
				GCC_WARN_UNUSED_VARIABLE = YES;
				IPHONEOS_DEPLOYMENT_TARGET = 17.0;
				LOCALIZATION_PREFERS_STRING_CATALOGS = YES;
				MTL_ENABLE_DEBUG_INFO = NO;
				MTL_FAST_MATH = YES;
				SDKROOT = iphoneos;
				SWIFT_COMPILATION_MODE = wholemodule;
				VALIDATE_PRODUCT = YES;
			};
			name = Release;
		};
		633001FF2A8EA36600A23560 /* Debug */ = {
			isa = XCBuildConfiguration;
			buildSettings = {
				ASSETCATALOG_COMPILER_APPICON_NAME = AppIcon;
				ASSETCATALOG_COMPILER_GLOBAL_ACCENT_COLOR_NAME = AccentColor;
				CODE_SIGN_STYLE = Automatic;
				CURRENT_PROJECT_VERSION = 1;
				DEVELOPMENT_ASSET_PATHS = "\"RickAndMorty/Preview Content\"";
				DEVELOPMENT_TEAM = LJT5NUTV34;
				ENABLE_PREVIEWS = YES;
				GENERATE_INFOPLIST_FILE = YES;
				INFOPLIST_FILE = RickAndMorty/Info.plist;
				INFOPLIST_KEY_UIApplicationSceneManifest_Generation = YES;
				INFOPLIST_KEY_UIApplicationSupportsIndirectInputEvents = YES;
				INFOPLIST_KEY_UISupportedInterfaceOrientations_iPad = "UIInterfaceOrientationPortrait UIInterfaceOrientationPortraitUpsideDown UIInterfaceOrientationLandscapeLeft UIInterfaceOrientationLandscapeRight";
				INFOPLIST_KEY_UISupportedInterfaceOrientations_iPhone = "UIInterfaceOrientationPortrait UIInterfaceOrientationLandscapeLeft UIInterfaceOrientationLandscapeRight";
				LD_RUNPATH_SEARCH_PATHS = (
					"$(inherited)",
					"@executable_path/Frameworks",
				);
				MARKETING_VERSION = 1.0;
				PRODUCT_BUNDLE_IDENTIFIER = com.sphinx04.RickAndMorty;
				PRODUCT_NAME = "$(TARGET_NAME)";
				SWIFT_EMIT_LOC_STRINGS = YES;
				SWIFT_VERSION = 5.0;
				TARGETED_DEVICE_FAMILY = "1,2";
			};
			name = Debug;
		};
		633002002A8EA36600A23560 /* Release */ = {
			isa = XCBuildConfiguration;
			buildSettings = {
				ASSETCATALOG_COMPILER_APPICON_NAME = AppIcon;
				ASSETCATALOG_COMPILER_GLOBAL_ACCENT_COLOR_NAME = AccentColor;
				CODE_SIGN_STYLE = Automatic;
				CURRENT_PROJECT_VERSION = 1;
				DEVELOPMENT_ASSET_PATHS = "\"RickAndMorty/Preview Content\"";
				DEVELOPMENT_TEAM = LJT5NUTV34;
				ENABLE_PREVIEWS = YES;
				GENERATE_INFOPLIST_FILE = YES;
				INFOPLIST_FILE = RickAndMorty/Info.plist;
				INFOPLIST_KEY_UIApplicationSceneManifest_Generation = YES;
				INFOPLIST_KEY_UIApplicationSupportsIndirectInputEvents = YES;
				INFOPLIST_KEY_UISupportedInterfaceOrientations_iPad = "UIInterfaceOrientationPortrait UIInterfaceOrientationPortraitUpsideDown UIInterfaceOrientationLandscapeLeft UIInterfaceOrientationLandscapeRight";
				INFOPLIST_KEY_UISupportedInterfaceOrientations_iPhone = "UIInterfaceOrientationPortrait UIInterfaceOrientationLandscapeLeft UIInterfaceOrientationLandscapeRight";
				LD_RUNPATH_SEARCH_PATHS = (
					"$(inherited)",
					"@executable_path/Frameworks",
				);
				MARKETING_VERSION = 1.0;
				PRODUCT_BUNDLE_IDENTIFIER = com.sphinx04.RickAndMorty;
				PRODUCT_NAME = "$(TARGET_NAME)";
				SWIFT_EMIT_LOC_STRINGS = YES;
				SWIFT_VERSION = 5.0;
				TARGETED_DEVICE_FAMILY = "1,2";
			};
			name = Release;
		};
/* End XCBuildConfiguration section */

/* Begin XCConfigurationList section */
		633001EB2A8EA36000A23560 /* Build configuration list for PBXProject "RickAndMorty" */ = {
			isa = XCConfigurationList;
			buildConfigurations = (
				633001FC2A8EA36600A23560 /* Debug */,
				633001FD2A8EA36600A23560 /* Release */,
			);
			defaultConfigurationIsVisible = 0;
			defaultConfigurationName = Release;
		};
		633001FE2A8EA36600A23560 /* Build configuration list for PBXNativeTarget "RickAndMorty" */ = {
			isa = XCConfigurationList;
			buildConfigurations = (
				633001FF2A8EA36600A23560 /* Debug */,
				633002002A8EA36600A23560 /* Release */,
			);
			defaultConfigurationIsVisible = 0;
			defaultConfigurationName = Release;
		};
/* End XCConfigurationList section */
	};
	rootObject = 633001E82A8EA36000A23560 /* Project object */;
}
